// !$*UTF8*$!
{
	archiveVersion = 1;
	classes = {
	};
	objectVersion = 46;
	objects = {

/* Begin PBXBuildFile section */
		40115C78187D6A3D001751B2 /* Foundation.framework in Frameworks */ = {isa = PBXBuildFile; fileRef = 40115C77187D6A3D001751B2 /* Foundation.framework */; };
		40115C86187D6A3D001751B2 /* XCTest.framework in Frameworks */ = {isa = PBXBuildFile; fileRef = 40115C85187D6A3D001751B2 /* XCTest.framework */; };
		40115C87187D6A3D001751B2 /* Foundation.framework in Frameworks */ = {isa = PBXBuildFile; fileRef = 40115C77187D6A3D001751B2 /* Foundation.framework */; };
		40115C89187D6A3D001751B2 /* UIKit.framework in Frameworks */ = {isa = PBXBuildFile; fileRef = 40115C88187D6A3D001751B2 /* UIKit.framework */; };
		40115C8C187D6A3D001751B2 /* libPullableView.a in Frameworks */ = {isa = PBXBuildFile; fileRef = 40115C74187D6A3D001751B2 /* libPullableView.a */; };
		40115C9F187D6A69001751B2 /* PullableView.m in Sources */ = {isa = PBXBuildFile; fileRef = 40115C9E187D6A69001751B2 /* PullableView.m */; };
/* End PBXBuildFile section */

/* Begin PBXContainerItemProxy section */
		40115C8A187D6A3D001751B2 /* PBXContainerItemProxy */ = {
			isa = PBXContainerItemProxy;
			containerPortal = 40115C6C187D6A3D001751B2 /* Project object */;
			proxyType = 1;
			remoteGlobalIDString = 40115C73187D6A3D001751B2;
			remoteInfo = PullableView;
		};
/* End PBXContainerItemProxy section */

/* Begin PBXCopyFilesBuildPhase section */
		40115C72187D6A3D001751B2 /* CopyFiles */ = {
			isa = PBXCopyFilesBuildPhase;
			buildActionMask = 2147483647;
			dstPath = "include/$(PRODUCT_NAME)";
			dstSubfolderSpec = 16;
			files = (
			);
			runOnlyForDeploymentPostprocessing = 0;
		};
/* End PBXCopyFilesBuildPhase section */

/* Begin PBXFileReference section */
		40115C74187D6A3D001751B2 /* libPullableView.a */ = {isa = PBXFileReference; explicitFileType = archive.ar; includeInIndex = 0; path = libPullableView.a; sourceTree = BUILT_PRODUCTS_DIR; };
		40115C77187D6A3D001751B2 /* Foundation.framework */ = {isa = PBXFileReference; lastKnownFileType = wrapper.framework; name = Foundation.framework; path = System/Library/Frameworks/Foundation.framework; sourceTree = SDKROOT; };
		40115C7B187D6A3D001751B2 /* PullableView-Prefix.pch */ = {isa = PBXFileReference; lastKnownFileType = sourcecode.c.h; path = "PullableView-Prefix.pch"; sourceTree = "<group>"; };
		40115C84187D6A3D001751B2 /* PullableViewTests.xctest */ = {isa = PBXFileReference; explicitFileType = wrapper.cfbundle; includeInIndex = 0; path = PullableViewTests.xctest; sourceTree = BUILT_PRODUCTS_DIR; };
		40115C85187D6A3D001751B2 /* XCTest.framework */ = {isa = PBXFileReference; lastKnownFileType = wrapper.framework; name = XCTest.framework; path = Library/Frameworks/XCTest.framework; sourceTree = DEVELOPER_DIR; };
		40115C88187D6A3D001751B2 /* UIKit.framework */ = {isa = PBXFileReference; lastKnownFileType = wrapper.framework; name = UIKit.framework; path = Library/Frameworks/UIKit.framework; sourceTree = DEVELOPER_DIR; };
		40115C9D187D6A69001751B2 /* PullableView.h */ = {isa = PBXFileReference; fileEncoding = 4; lastKnownFileType = sourcecode.c.h; path = PullableView.h; sourceTree = "<group>"; };
		40115C9E187D6A69001751B2 /* PullableView.m */ = {isa = PBXFileReference; fileEncoding = 4; lastKnownFileType = sourcecode.c.objc; path = PullableView.m; sourceTree = "<group>"; };
/* End PBXFileReference section */

/* Begin PBXFrameworksBuildPhase section */
		40115C71187D6A3D001751B2 /* Frameworks */ = {
			isa = PBXFrameworksBuildPhase;
			buildActionMask = 2147483647;
			files = (
				40115C78187D6A3D001751B2 /* Foundation.framework in Frameworks */,
			);
			runOnlyForDeploymentPostprocessing = 0;
		};
		40115C81187D6A3D001751B2 /* Frameworks */ = {
			isa = PBXFrameworksBuildPhase;
			buildActionMask = 2147483647;
			files = (
				40115C86187D6A3D001751B2 /* XCTest.framework in Frameworks */,
				40115C89187D6A3D001751B2 /* UIKit.framework in Frameworks */,
				40115C87187D6A3D001751B2 /* Foundation.framework in Frameworks */,
				40115C8C187D6A3D001751B2 /* libPullableView.a in Frameworks */,
			);
			runOnlyForDeploymentPostprocessing = 0;
		};
/* End PBXFrameworksBuildPhase section */

/* Begin PBXGroup section */
		40115C6B187D6A3D001751B2 = {
			isa = PBXGroup;
			children = (
				40115C79187D6A3D001751B2 /* PullableView */,
				40115C76187D6A3D001751B2 /* Frameworks */,
				40115C75187D6A3D001751B2 /* Products */,
			);
			sourceTree = "<group>";
		};
		40115C75187D6A3D001751B2 /* Products */ = {
			isa = PBXGroup;
			children = (
				40115C74187D6A3D001751B2 /* libPullableView.a */,
				40115C84187D6A3D001751B2 /* PullableViewTests.xctest */,
			);
			name = Products;
			sourceTree = "<group>";
		};
		40115C76187D6A3D001751B2 /* Frameworks */ = {
			isa = PBXGroup;
			children = (
				40115C77187D6A3D001751B2 /* Foundation.framework */,
				40115C85187D6A3D001751B2 /* XCTest.framework */,
				40115C88187D6A3D001751B2 /* UIKit.framework */,
			);
			name = Frameworks;
			sourceTree = "<group>";
		};
		40115C79187D6A3D001751B2 /* PullableView */ = {
			isa = PBXGroup;
			children = (
				40115C9D187D6A69001751B2 /* PullableView.h */,
				40115C9E187D6A69001751B2 /* PullableView.m */,
				40115C7A187D6A3D001751B2 /* Supporting Files */,
			);
			path = PullableView;
			sourceTree = "<group>";
		};
		40115C7A187D6A3D001751B2 /* Supporting Files */ = {
			isa = PBXGroup;
			children = (
				40115C7B187D6A3D001751B2 /* PullableView-Prefix.pch */,
			);
			name = "Supporting Files";
			sourceTree = "<group>";
		};
/* End PBXGroup section */

/* Begin PBXNativeTarget section */
		40115C73187D6A3D001751B2 /* PullableView */ = {
			isa = PBXNativeTarget;
			buildConfigurationList = 40115C97187D6A3D001751B2 /* Build configuration list for PBXNativeTarget "PullableView" */;
			buildPhases = (
				40115C70187D6A3D001751B2 /* Sources */,
				40115C71187D6A3D001751B2 /* Frameworks */,
				40115C72187D6A3D001751B2 /* CopyFiles */,
			);
			buildRules = (
			);
			dependencies = (
			);
			name = PullableView;
			productName = PullableView;
			productReference = 40115C74187D6A3D001751B2 /* libPullableView.a */;
			productType = "com.apple.product-type.library.static";
		};
		40115C83187D6A3D001751B2 /* PullableViewTests */ = {
			isa = PBXNativeTarget;
			buildConfigurationList = 40115C9A187D6A3D001751B2 /* Build configuration list for PBXNativeTarget "PullableViewTests" */;
			buildPhases = (
				40115C80187D6A3D001751B2 /* Sources */,
				40115C81187D6A3D001751B2 /* Frameworks */,
				40115C82187D6A3D001751B2 /* Resources */,
			);
			buildRules = (
			);
			dependencies = (
				40115C8B187D6A3D001751B2 /* PBXTargetDependency */,
			);
			name = PullableViewTests;
			productName = PullableViewTests;
			productReference = 40115C84187D6A3D001751B2 /* PullableViewTests.xctest */;
			productType = "com.apple.product-type.bundle.unit-test";
		};
/* End PBXNativeTarget section */

/* Begin PBXProject section */
		40115C6C187D6A3D001751B2 /* Project object */ = {
			isa = PBXProject;
			attributes = {
				LastUpgradeCheck = 0500;
				ORGANIZATIONNAME = OrgName;
			};
			buildConfigurationList = 40115C6F187D6A3D001751B2 /* Build configuration list for PBXProject "PullableView" */;
			compatibilityVersion = "Xcode 3.2";
			developmentRegion = English;
			hasScannedForEncodings = 0;
			knownRegions = (
				en,
			);
			mainGroup = 40115C6B187D6A3D001751B2;
			productRefGroup = 40115C75187D6A3D001751B2 /* Products */;
			projectDirPath = "";
			projectRoot = "";
			targets = (
				40115C73187D6A3D001751B2 /* PullableView */,
				40115C83187D6A3D001751B2 /* PullableViewTests */,
			);
		};
/* End PBXProject section */

/* Begin PBXResourcesBuildPhase section */
		40115C82187D6A3D001751B2 /* Resources */ = {
			isa = PBXResourcesBuildPhase;
			buildActionMask = 2147483647;
			files = (
			);
			runOnlyForDeploymentPostprocessing = 0;
		};
/* End PBXResourcesBuildPhase section */

/* Begin PBXSourcesBuildPhase section */
		40115C70187D6A3D001751B2 /* Sources */ = {
			isa = PBXSourcesBuildPhase;
			buildActionMask = 2147483647;
			files = (
				40115C9F187D6A69001751B2 /* PullableView.m in Sources */,
			);
			runOnlyForDeploymentPostprocessing = 0;
		};
		40115C80187D6A3D001751B2 /* Sources */ = {
			isa = PBXSourcesBuildPhase;
			buildActionMask = 2147483647;
			files = (
			);
			runOnlyForDeploymentPostprocessing = 0;
		};
/* End PBXSourcesBuildPhase section */

/* Begin PBXTargetDependency section */
		40115C8B187D6A3D001751B2 /* PBXTargetDependency */ = {
			isa = PBXTargetDependency;
			target = 40115C73187D6A3D001751B2 /* PullableView */;
			targetProxy = 40115C8A187D6A3D001751B2 /* PBXContainerItemProxy */;
		};
/* End PBXTargetDependency section */

/* Begin XCBuildConfiguration section */
		40115C95187D6A3D001751B2 /* Debug */ = {
			isa = XCBuildConfiguration;
			buildSettings = {
				ALWAYS_SEARCH_USER_PATHS = NO;
				ARCHS = "$(ARCHS_STANDARD_INCLUDING_64_BIT)";
				CLANG_CXX_LANGUAGE_STANDARD = "gnu++0x";
				CLANG_CXX_LIBRARY = "libc++";
				CLANG_ENABLE_MODULES = YES;
				CLANG_ENABLE_OBJC_ARC = YES;
				CLANG_WARN_BOOL_CONVERSION = YES;
				CLANG_WARN_CONSTANT_CONVERSION = YES;
				CLANG_WARN_DIRECT_OBJC_ISA_USAGE = YES_ERROR;
				CLANG_WARN_EMPTY_BODY = YES;
				CLANG_WARN_ENUM_CONVERSION = YES;
				CLANG_WARN_INT_CONVERSION = YES;
				CLANG_WARN_OBJC_ROOT_CLASS = YES_ERROR;
				CLANG_WARN__DUPLICATE_METHOD_MATCH = YES;
				COPY_PHASE_STRIP = NO;
				GCC_C_LANGUAGE_STANDARD = gnu99;
				GCC_DYNAMIC_NO_PIC = NO;
				GCC_OPTIMIZATION_LEVEL = 0;
				GCC_PREPROCESSOR_DEFINITIONS = (
					"DEBUG=1",
					"$(inherited)",
				);
				GCC_SYMBOLS_PRIVATE_EXTERN = NO;
				GCC_WARN_64_TO_32_BIT_CONVERSION = YES;
				GCC_WARN_ABOUT_RETURN_TYPE = YES_ERROR;
				GCC_WARN_UNDECLARED_SELECTOR = YES;
				GCC_WARN_UNINITIALIZED_AUTOS = YES;
				GCC_WARN_UNUSED_FUNCTION = YES;
				GCC_WARN_UNUSED_VARIABLE = YES;
				IPHONEOS_DEPLOYMENT_TARGET = 7.0;
				ONLY_ACTIVE_ARCH = YES;
				SDKROOT = iphoneos;
			};
			name = Debug;
		};
		40115C96187D6A3D001751B2 /* Release */ = {
			isa = XCBuildConfiguration;
			buildSettings = {
				ALWAYS_SEARCH_USER_PATHS = NO;
				ARCHS = "$(ARCHS_STANDARD_INCLUDING_64_BIT)";
				CLANG_CXX_LANGUAGE_STANDARD = "gnu++0x";
				CLANG_CXX_LIBRARY = "libc++";
				CLANG_ENABLE_MODULES = YES;
				CLANG_ENABLE_OBJC_ARC = YES;
				CLANG_WARN_BOOL_CONVERSION = YES;
				CLANG_WARN_CONSTANT_CONVERSION = YES;
				CLANG_WARN_DIRECT_OBJC_ISA_USAGE = YES_ERROR;
				CLANG_WARN_EMPTY_BODY = YES;
				CLANG_WARN_ENUM_CONVERSION = YES;
				CLANG_WARN_INT_CONVERSION = YES;
				CLANG_WARN_OBJC_ROOT_CLASS = YES_ERROR;
				CLANG_WARN__DUPLICATE_METHOD_MATCH = YES;
				COPY_PHASE_STRIP = YES;
				ENABLE_NS_ASSERTIONS = NO;
				GCC_C_LANGUAGE_STANDARD = gnu99;
				GCC_WARN_64_TO_32_BIT_CONVERSION = YES;
				GCC_WARN_ABOUT_RETURN_TYPE = YES_ERROR;
				GCC_WARN_UNDECLARED_SELECTOR = YES;
				GCC_WARN_UNINITIALIZED_AUTOS = YES;
				GCC_WARN_UNUSED_FUNCTION = YES;
				GCC_WARN_UNUSED_VARIABLE = YES;
				IPHONEOS_DEPLOYMENT_TARGET = 7.0;
				SDKROOT = iphoneos;
				VALIDATE_PRODUCT = YES;
			};
			name = Release;
		};
		40115C98187D6A3D001751B2 /* Debug */ = {
			isa = XCBuildConfiguration;
			buildSettings = {
				DSTROOT = /tmp/PullableView.dst;
				GCC_PRECOMPILE_PREFIX_HEADER = YES;
				GCC_PREFIX_HEADER = "PullableView/PullableView-Prefix.pch";
				OTHER_LDFLAGS = "-ObjC";
				PRODUCT_NAME = "$(TARGET_NAME)";
				SKIP_INSTALL = YES;
			};
			name = Debug;
		};
		40115C99187D6A3D001751B2 /* Release */ = {
			isa = XCBuildConfiguration;
			buildSettings = {
				DSTROOT = /tmp/PullableView.dst;
				GCC_PRECOMPILE_PREFIX_HEADER = YES;
				GCC_PREFIX_HEADER = "PullableView/PullableView-Prefix.pch";
				OTHER_LDFLAGS = "-ObjC";
				PRODUCT_NAME = "$(TARGET_NAME)";
				SKIP_INSTALL = YES;
			};
			name = Release;
		};
		40115C9B187D6A3D001751B2 /* Debug */ = {
			isa = XCBuildConfiguration;
			buildSettings = {
				ARCHS = "$(ARCHS_STANDARD_INCLUDING_64_BIT)";
				FRAMEWORK_SEARCH_PATHS = (
					"$(SDKROOT)/Developer/Library/Frameworks",
					"$(inherited)",
					"$(DEVELOPER_FRAMEWORKS_DIR)",
				);
				GCC_PRECOMPILE_PREFIX_HEADER = YES;
				GCC_PREFIX_HEADER = "PullableView/PullableView-Prefix.pch";
				GCC_PREPROCESSOR_DEFINITIONS = (
					"DEBUG=1",
					"$(inherited)",
				);
				INFOPLIST_FILE = "PullableViewTests/PullableViewTests-Info.plist";
				PRODUCT_NAME = "$(TARGET_NAME)";
				WRAPPER_EXTENSION = xctest;
			};
			name = Debug;
		};
		40115C9C187D6A3D001751B2 /* Release */ = {
			isa = XCBuildConfiguration;
			buildSettings = {
				ARCHS = "$(ARCHS_STANDARD_INCLUDING_64_BIT)";
				FRAMEWORK_SEARCH_PATHS = (
					"$(SDKROOT)/Developer/Library/Frameworks",
					"$(inherited)",
					"$(DEVELOPER_FRAMEWORKS_DIR)",
				);
				GCC_PRECOMPILE_PREFIX_HEADER = YES;
				GCC_PREFIX_HEADER = "PullableView/PullableView-Prefix.pch";
				INFOPLIST_FILE = "PullableViewTests/PullableViewTests-Info.plist";
				PRODUCT_NAME = "$(TARGET_NAME)";
				WRAPPER_EXTENSION = xctest;
			};
			name = Release;
		};
/* End XCBuildConfiguration section */

/* Begin XCConfigurationList section */
		40115C6F187D6A3D001751B2 /* Build configuration list for PBXProject "PullableView" */ = {
			isa = XCConfigurationList;
			buildConfigurations = (
				40115C95187D6A3D001751B2 /* Debug */,
				40115C96187D6A3D001751B2 /* Release */,
			);
			defaultConfigurationIsVisible = 0;
			defaultConfigurationName = Release;
		};
		40115C97187D6A3D001751B2 /* Build configuration list for PBXNativeTarget "PullableView" */ = {
			isa = XCConfigurationList;
			buildConfigurations = (
				40115C98187D6A3D001751B2 /* Debug */,
				40115C99187D6A3D001751B2 /* Release */,
			);
			defaultConfigurationIsVisible = 0;
		};
		40115C9A187D6A3D001751B2 /* Build configuration list for PBXNativeTarget "PullableViewTests" */ = {
			isa = XCConfigurationList;
			buildConfigurations = (
				40115C9B187D6A3D001751B2 /* Debug */,
				40115C9C187D6A3D001751B2 /* Release */,
			);
			defaultConfigurationIsVisible = 0;
		};
/* End XCConfigurationList section */
	};
	rootObject = 40115C6C187D6A3D001751B2 /* Project object */;
}
